
Microsoft Visual Studio Solution File, Format Version 12.00
# Visual Studio Version 17
VisualStudioVersion = 17.10.35027.167
MinimumVisualStudioVersion = 10.0.40219.1
Project("{FAE04EC0-301F-11D3-BF4B-00C04F79EFBC}") = "Uravneniya", "Uravneniya.csproj", "{87714D7F-F884-49D9-998C-83D368A4EBAF}"
EndProject
Global
	GlobalSection(SolutionConfigurationPlatforms) = preSolution
		Debug|Any CPU = Debug|Any CPU
		Release|Any CPU = Release|Any CPU
	EndGlobalSection
	GlobalSection(ProjectConfigurationPlatforms) = postSolution
		{87714D7F-F884-49D9-998C-83D368A4EBAF}.Debug|Any CPU.ActiveCfg = Debug|Any CPU
		{87714D7F-F884-49D9-998C-83D368A4EBAF}.Debug|Any CPU.Build.0 = Debug|Any CPU
		{87714D7F-F884-49D9-998C-83D368A4EBAF}.Release|Any CPU.ActiveCfg = Release|Any CPU
		{87714D7F-F884-49D9-998C-83D368A4EBAF}.Release|Any CPU.Build.0 = Release|Any CPU
	EndGlobalSection
	GlobalSection(SolutionProperties) = preSolution
		HideSolutionNode = FALSE
	EndGlobalSection
	GlobalSection(ExtensibilityGlobals) = postSolution
		SolutionGuid = {5DA2D7D7-D2FA-413C-A7CC-99127C2C4A08}
	EndGlobalSection
EndGlobal
